// !$*UTF8*$!
{
	archiveVersion = 1;
	classes = {
	};
	objectVersion = 56;
	objects = {

/* Begin PBXBuildFile section */
		79164B01297EC50B00F7225C /* CoinRowView.swift in Sources */ = {isa = PBXBuildFile; fileRef = 79164B00297EC50B00F7225C /* CoinRowView.swift */; };
		79164B03297F1C8A00F7225C /* PreviewProvider.swift in Sources */ = {isa = PBXBuildFile; fileRef = 79164B02297F1C8A00F7225C /* PreviewProvider.swift */; };
		79164B05297F387300F7225C /* Double.swift in Sources */ = {isa = PBXBuildFile; fileRef = 79164B04297F387300F7225C /* Double.swift */; };
		79A371592990415A00493B2A /* HomeViewModel.swift in Sources */ = {isa = PBXBuildFile; fileRef = 79A371582990415A00493B2A /* HomeViewModel.swift */; };
		79F23A22297C94FA0065F2E0 /* CryptoDataApp.swift in Sources */ = {isa = PBXBuildFile; fileRef = 79F23A21297C94FA0065F2E0 /* CryptoDataApp.swift */; };
		79F23A24297C94FA0065F2E0 /* ContentView.swift in Sources */ = {isa = PBXBuildFile; fileRef = 79F23A23297C94FA0065F2E0 /* ContentView.swift */; };
		79F23A26297C94FA0065F2E0 /* Assets.xcassets in Resources */ = {isa = PBXBuildFile; fileRef = 79F23A25297C94FA0065F2E0 /* Assets.xcassets */; };
		79F23A29297C94FA0065F2E0 /* Preview Assets.xcassets in Resources */ = {isa = PBXBuildFile; fileRef = 79F23A28297C94FA0065F2E0 /* Preview Assets.xcassets */; };
		79F23A32297CA2B70065F2E0 /* Color.swift in Sources */ = {isa = PBXBuildFile; fileRef = 79F23A31297CA2B70065F2E0 /* Color.swift */; };
		79F23A38297D4C340065F2E0 /* HomeView.swift in Sources */ = {isa = PBXBuildFile; fileRef = 79F23A37297D4C340065F2E0 /* HomeView.swift */; };
		79F23A3C297D4E1D0065F2E0 /* CirculeButtonFile.swift in Sources */ = {isa = PBXBuildFile; fileRef = 79F23A3B297D4E1D0065F2E0 /* CirculeButtonFile.swift */; };
		79F23A3E297DBF810065F2E0 /* CircleButtonanimation.swift in Sources */ = {isa = PBXBuildFile; fileRef = 79F23A3D297DBF810065F2E0 /* CircleButtonanimation.swift */; };
		79F23A41297DC5430065F2E0 /* CoinModel.swift in Sources */ = {isa = PBXBuildFile; fileRef = 79F23A40297DC5430065F2E0 /* CoinModel.swift */; };
/* End PBXBuildFile section */

/* Begin PBXFileReference section */
		79164B00297EC50B00F7225C /* CoinRowView.swift */ = {isa = PBXFileReference; lastKnownFileType = sourcecode.swift; path = CoinRowView.swift; sourceTree = "<group>"; };
		79164B02297F1C8A00F7225C /* PreviewProvider.swift */ = {isa = PBXFileReference; lastKnownFileType = sourcecode.swift; path = PreviewProvider.swift; sourceTree = "<group>"; };
		79164B04297F387300F7225C /* Double.swift */ = {isa = PBXFileReference; lastKnownFileType = sourcecode.swift; path = Double.swift; sourceTree = "<group>"; };
		79A371582990415A00493B2A /* HomeViewModel.swift */ = {isa = PBXFileReference; lastKnownFileType = sourcecode.swift; path = HomeViewModel.swift; sourceTree = "<group>"; };
		79F23A1E297C94FA0065F2E0 /* CryptoData.app */ = {isa = PBXFileReference; explicitFileType = wrapper.application; includeInIndex = 0; path = CryptoData.app; sourceTree = BUILT_PRODUCTS_DIR; };
		79F23A21297C94FA0065F2E0 /* CryptoDataApp.swift */ = {isa = PBXFileReference; lastKnownFileType = sourcecode.swift; path = CryptoDataApp.swift; sourceTree = "<group>"; };
		79F23A23297C94FA0065F2E0 /* ContentView.swift */ = {isa = PBXFileReference; lastKnownFileType = sourcecode.swift; path = ContentView.swift; sourceTree = "<group>"; };
		79F23A25297C94FA0065F2E0 /* Assets.xcassets */ = {isa = PBXFileReference; lastKnownFileType = folder.assetcatalog; path = Assets.xcassets; sourceTree = "<group>"; };
		79F23A28297C94FA0065F2E0 /* Preview Assets.xcassets */ = {isa = PBXFileReference; lastKnownFileType = folder.assetcatalog; path = "Preview Assets.xcassets"; sourceTree = "<group>"; };
		79F23A31297CA2B70065F2E0 /* Color.swift */ = {isa = PBXFileReference; lastKnownFileType = sourcecode.swift; path = Color.swift; sourceTree = "<group>"; };
		79F23A37297D4C340065F2E0 /* HomeView.swift */ = {isa = PBXFileReference; lastKnownFileType = sourcecode.swift; path = HomeView.swift; sourceTree = "<group>"; };
		79F23A3B297D4E1D0065F2E0 /* CirculeButtonFile.swift */ = {isa = PBXFileReference; lastKnownFileType = sourcecode.swift; path = CirculeButtonFile.swift; sourceTree = "<group>"; };
		79F23A3D297DBF810065F2E0 /* CircleButtonanimation.swift */ = {isa = PBXFileReference; lastKnownFileType = sourcecode.swift; path = CircleButtonanimation.swift; sourceTree = "<group>"; };
		79F23A40297DC5430065F2E0 /* CoinModel.swift */ = {isa = PBXFileReference; lastKnownFileType = sourcecode.swift; path = CoinModel.swift; sourceTree = "<group>"; };
/* End PBXFileReference section */

/* Begin PBXFrameworksBuildPhase section */
		79F23A1B297C94FA0065F2E0 /* Frameworks */ = {
			isa = PBXFrameworksBuildPhase;
			buildActionMask = 2147483647;
			files = (
			);
			runOnlyForDeploymentPostprocessing = 0;
		};
/* End PBXFrameworksBuildPhase section */

/* Begin PBXGroup section */
		79F23A15297C94FA0065F2E0 = {
			isa = PBXGroup;
			children = (
				79F23A20297C94FA0065F2E0 /* CryptoData */,
				79F23A1F297C94FA0065F2E0 /* Products */,
			);
			sourceTree = "<group>";
		};
		79F23A1F297C94FA0065F2E0 /* Products */ = {
			isa = PBXGroup;
			children = (
				79F23A1E297C94FA0065F2E0 /* CryptoData.app */,
			);
			name = Products;
			sourceTree = "<group>";
		};
		79F23A20297C94FA0065F2E0 /* CryptoData */ = {
			isa = PBXGroup;
			children = (
				79F23A3F297DC52A0065F2E0 /* Models */,
				79F23A33297D4A810065F2E0 /* Core */,
				79F23A30297CA2A20065F2E0 /* Extensions */,
				79F23A21297C94FA0065F2E0 /* CryptoDataApp.swift */,
				79F23A23297C94FA0065F2E0 /* ContentView.swift */,
				79F23A25297C94FA0065F2E0 /* Assets.xcassets */,
				79F23A27297C94FA0065F2E0 /* Preview Content */,
			);
			path = CryptoData;
			sourceTree = "<group>";
		};
		79F23A27297C94FA0065F2E0 /* Preview Content */ = {
			isa = PBXGroup;
			children = (
				79F23A28297C94FA0065F2E0 /* Preview Assets.xcassets */,
			);
			path = "Preview Content";
			sourceTree = "<group>";
		};
		79F23A30297CA2A20065F2E0 /* Extensions */ = {
			isa = PBXGroup;
			children = (
				79F23A31297CA2B70065F2E0 /* Color.swift */,
				79164B02297F1C8A00F7225C /* PreviewProvider.swift */,
				79164B04297F387300F7225C /* Double.swift */,
			);
			path = Extensions;
			sourceTree = "<group>";
		};
		79F23A33297D4A810065F2E0 /* Core */ = {
			isa = PBXGroup;
			children = (
				79F23A39297D4DEA0065F2E0 /* Components */,
				79F23A34297D4A960065F2E0 /* Home */,
			);
			path = Core;
			sourceTree = "<group>";
		};
		79F23A34297D4A960065F2E0 /* Home */ = {
			isa = PBXGroup;
			children = (
				79F23A36297D4AC90065F2E0 /* ViewModels */,
				79F23A35297D4AA60065F2E0 /* Views */,
			);
			path = Home;
			sourceTree = "<group>";
		};
		79F23A35297D4AA60065F2E0 /* Views */ = {
			isa = PBXGroup;
			children = (
				79F23A37297D4C340065F2E0 /* HomeView.swift */,
				79164B00297EC50B00F7225C /* CoinRowView.swift */,
			);
			path = Views;
			sourceTree = "<group>";
		};
		79F23A36297D4AC90065F2E0 /* ViewModels */ = {
			isa = PBXGroup;
			children = (
				79A371582990415A00493B2A /* HomeViewModel.swift */,
			);
			path = ViewModels;
			sourceTree = "<group>";
		};
		79F23A39297D4DEA0065F2E0 /* Components */ = {
			isa = PBXGroup;
			children = (
				79F23A3A297D4E090065F2E0 /* CircleButton */,
			);
			path = Components;
			sourceTree = "<group>";
		};
		79F23A3A297D4E090065F2E0 /* CircleButton */ = {
			isa = PBXGroup;
			children = (
				79F23A3B297D4E1D0065F2E0 /* CirculeButtonFile.swift */,
				79F23A3D297DBF810065F2E0 /* CircleButtonanimation.swift */,
			);
			path = CircleButton;
			sourceTree = "<group>";
		};
		79F23A3F297DC52A0065F2E0 /* Models */ = {
			isa = PBXGroup;
			children = (
				79F23A40297DC5430065F2E0 /* CoinModel.swift */,
			);
			path = Models;
			sourceTree = "<group>";
		};
/* End PBXGroup section */

/* Begin PBXNativeTarget section */
		79F23A1D297C94FA0065F2E0 /* CryptoData */ = {
			isa = PBXNativeTarget;
			buildConfigurationList = 79F23A2C297C94FA0065F2E0 /* Build configuration list for PBXNativeTarget "CryptoData" */;
			buildPhases = (
				79F23A1A297C94FA0065F2E0 /* Sources */,
				79F23A1B297C94FA0065F2E0 /* Frameworks */,
				79F23A1C297C94FA0065F2E0 /* Resources */,
			);
			buildRules = (
			);
			dependencies = (
			);
			name = CryptoData;
			productName = CryptoData;
			productReference = 79F23A1E297C94FA0065F2E0 /* CryptoData.app */;
			productType = "com.apple.product-type.application";
		};
/* End PBXNativeTarget section */

/* Begin PBXProject section */
		79F23A16297C94FA0065F2E0 /* Project object */ = {
			isa = PBXProject;
			attributes = {
				BuildIndependentTargetsInParallel = 1;
				LastSwiftUpdateCheck = 1420;
				LastUpgradeCheck = 1420;
				TargetAttributes = {
					79F23A1D297C94FA0065F2E0 = {
						CreatedOnToolsVersion = 14.2;
					};
				};
			};
			buildConfigurationList = 79F23A19297C94FA0065F2E0 /* Build configuration list for PBXProject "CryptoData" */;
			compatibilityVersion = "Xcode 14.0";
			developmentRegion = en;
			hasScannedForEncodings = 0;
			knownRegions = (
				en,
				Base,
			);
			mainGroup = 79F23A15297C94FA0065F2E0;
			productRefGroup = 79F23A1F297C94FA0065F2E0 /* Products */;
			projectDirPath = "";
			projectRoot = "";
			targets = (
				79F23A1D297C94FA0065F2E0 /* CryptoData */,
			);
		};
/* End PBXProject section */

/* Begin PBXResourcesBuildPhase section */
		79F23A1C297C94FA0065F2E0 /* Resources */ = {
			isa = PBXResourcesBuildPhase;
			buildActionMask = 2147483647;
			files = (
				79F23A29297C94FA0065F2E0 /* Preview Assets.xcassets in Resources */,
				79F23A26297C94FA0065F2E0 /* Assets.xcassets in Resources */,
			);
			runOnlyForDeploymentPostprocessing = 0;
		};
/* End PBXResourcesBuildPhase section */

/* Begin PBXSourcesBuildPhase section */
		79F23A1A297C94FA0065F2E0 /* Sources */ = {
			isa = PBXSourcesBuildPhase;
			buildActionMask = 2147483647;
			files = (
				79164B01297EC50B00F7225C /* CoinRowView.swift in Sources */,
				79A371592990415A00493B2A /* HomeViewModel.swift in Sources */,
				79F23A24297C94FA0065F2E0 /* ContentView.swift in Sources */,
				79F23A38297D4C340065F2E0 /* HomeView.swift in Sources */,
				79F23A3E297DBF810065F2E0 /* CircleButtonanimation.swift in Sources */,
				79F23A3C297D4E1D0065F2E0 /* CirculeButtonFile.swift in Sources */,
				79F23A22297C94FA0065F2E0 /* CryptoDataApp.swift in Sources */,
				79F23A32297CA2B70065F2E0 /* Color.swift in Sources */,
				79164B03297F1C8A00F7225C /* PreviewProvider.swift in Sources */,
				79164B05297F387300F7225C /* Double.swift in Sources */,
				79F23A41297DC5430065F2E0 /* CoinModel.swift in Sources */,
			);
			runOnlyForDeploymentPostprocessing = 0;
		};
/* End PBXSourcesBuildPhase section */

/* Begin XCBuildConfiguration section */
		79F23A2A297C94FA0065F2E0 /* Debug */ = {
			isa = XCBuildConfiguration;
			buildSettings = {
				ALWAYS_SEARCH_USER_PATHS = NO;
				CLANG_ANALYZER_NONNULL = YES;
				CLANG_ANALYZER_NUMBER_OBJECT_CONVERSION = YES_AGGRESSIVE;
				CLANG_CXX_LANGUAGE_STANDARD = "gnu++20";
				CLANG_ENABLE_MODULES = YES;
				CLANG_ENABLE_OBJC_ARC = YES;
				CLANG_ENABLE_OBJC_WEAK = YES;
				CLANG_WARN_BLOCK_CAPTURE_AUTORELEASING = YES;
				CLANG_WARN_BOOL_CONVERSION = YES;
				CLANG_WARN_COMMA = YES;
				CLANG_WARN_CONSTANT_CONVERSION = YES;
				CLANG_WARN_DEPRECATED_OBJC_IMPLEMENTATIONS = YES;
				CLANG_WARN_DIRECT_OBJC_ISA_USAGE = YES_ERROR;
				CLANG_WARN_DOCUMENTATION_COMMENTS = YES;
				CLANG_WARN_EMPTY_BODY = YES;
				CLANG_WARN_ENUM_CONVERSION = YES;
				CLANG_WARN_INFINITE_RECURSION = YES;
				CLANG_WARN_INT_CONVERSION = YES;
				CLANG_WARN_NON_LITERAL_NULL_CONVERSION = YES;
				CLANG_WARN_OBJC_IMPLICIT_RETAIN_SELF = YES;
				CLANG_WARN_OBJC_LITERAL_CONVERSION = YES;
				CLANG_WARN_OBJC_ROOT_CLASS = YES_ERROR;
				CLANG_WARN_QUOTED_INCLUDE_IN_FRAMEWORK_HEADER = YES;
				CLANG_WARN_RANGE_LOOP_ANALYSIS = YES;
				CLANG_WARN_STRICT_PROTOTYPES = YES;
				CLANG_WARN_SUSPICIOUS_MOVE = YES;
				CLANG_WARN_UNGUARDED_AVAILABILITY = YES_AGGRESSIVE;
				CLANG_WARN_UNREACHABLE_CODE = YES;
				CLANG_WARN__DUPLICATE_METHOD_MATCH = YES;
				COPY_PHASE_STRIP = NO;
				DEBUG_INFORMATION_FORMAT = dwarf;
				ENABLE_STRICT_OBJC_MSGSEND = YES;
				ENABLE_TESTABILITY = YES;
				GCC_C_LANGUAGE_STANDARD = gnu11;
				GCC_DYNAMIC_NO_PIC = NO;
				GCC_NO_COMMON_BLOCKS = YES;
				GCC_OPTIMIZATION_LEVEL = 0;
				GCC_PREPROCESSOR_DEFINITIONS = (
					"DEBUG=1",
					"$(inherited)",
				);
				GCC_WARN_64_TO_32_BIT_CONVERSION = YES;
				GCC_WARN_ABOUT_RETURN_TYPE = YES_ERROR;
				GCC_WARN_UNDECLARED_SELECTOR = YES;
				GCC_WARN_UNINITIALIZED_AUTOS = YES_AGGRESSIVE;
				GCC_WARN_UNUSED_FUNCTION = YES;
				GCC_WARN_UNUSED_VARIABLE = YES;
				IPHONEOS_DEPLOYMENT_TARGET = 16.2;
				MTL_ENABLE_DEBUG_INFO = INCLUDE_SOURCE;
				MTL_FAST_MATH = YES;
				ONLY_ACTIVE_ARCH = YES;
				SDKROOT = iphoneos;
				SWIFT_ACTIVE_COMPILATION_CONDITIONS = DEBUG;
				SWIFT_OPTIMIZATION_LEVEL = "-Onone";
			};
			name = Debug;
		};
		79F23A2B297C94FA0065F2E0 /* Release */ = {
			isa = XCBuildConfiguration;
			buildSettings = {
				ALWAYS_SEARCH_USER_PATHS = NO;
				CLANG_ANALYZER_NONNULL = YES;
				CLANG_ANALYZER_NUMBER_OBJECT_CONVERSION = YES_AGGRESSIVE;
				CLANG_CXX_LANGUAGE_STANDARD = "gnu++20";
				CLANG_ENABLE_MODULES = YES;
				CLANG_ENABLE_OBJC_ARC = YES;
				CLANG_ENABLE_OBJC_WEAK = YES;
				CLANG_WARN_BLOCK_CAPTURE_AUTORELEASING = YES;
				CLANG_WARN_BOOL_CONVERSION = YES;
				CLANG_WARN_COMMA = YES;
				CLANG_WARN_CONSTANT_CONVERSION = YES;
				CLANG_WARN_DEPRECATED_OBJC_IMPLEMENTATIONS = YES;
				CLANG_WARN_DIRECT_OBJC_ISA_USAGE = YES_ERROR;
				CLANG_WARN_DOCUMENTATION_COMMENTS = YES;
				CLANG_WARN_EMPTY_BODY = YES;
				CLANG_WARN_ENUM_CONVERSION = YES;
				CLANG_WARN_INFINITE_RECURSION = YES;
				CLANG_WARN_INT_CONVERSION = YES;
				CLANG_WARN_NON_LITERAL_NULL_CONVERSION = YES;
				CLANG_WARN_OBJC_IMPLICIT_RETAIN_SELF = YES;
				CLANG_WARN_OBJC_LITERAL_CONVERSION = YES;
				CLANG_WARN_OBJC_ROOT_CLASS = YES_ERROR;
				CLANG_WARN_QUOTED_INCLUDE_IN_FRAMEWORK_HEADER = YES;
				CLANG_WARN_RANGE_LOOP_ANALYSIS = YES;
				CLANG_WARN_STRICT_PROTOTYPES = YES;
				CLANG_WARN_SUSPICIOUS_MOVE = YES;
				CLANG_WARN_UNGUARDED_AVAILABILITY = YES_AGGRESSIVE;
				CLANG_WARN_UNREACHABLE_CODE = YES;
				CLANG_WARN__DUPLICATE_METHOD_MATCH = YES;
				COPY_PHASE_STRIP = NO;
				DEBUG_INFORMATION_FORMAT = "dwarf-with-dsym";
				ENABLE_NS_ASSERTIONS = NO;
				ENABLE_STRICT_OBJC_MSGSEND = YES;
				GCC_C_LANGUAGE_STANDARD = gnu11;
				GCC_NO_COMMON_BLOCKS = YES;
				GCC_WARN_64_TO_32_BIT_CONVERSION = YES;
				GCC_WARN_ABOUT_RETURN_TYPE = YES_ERROR;
				GCC_WARN_UNDECLARED_SELECTOR = YES;
				GCC_WARN_UNINITIALIZED_AUTOS = YES_AGGRESSIVE;
				GCC_WARN_UNUSED_FUNCTION = YES;
				GCC_WARN_UNUSED_VARIABLE = YES;
				IPHONEOS_DEPLOYMENT_TARGET = 16.2;
				MTL_ENABLE_DEBUG_INFO = NO;
				MTL_FAST_MATH = YES;
				SDKROOT = iphoneos;
				SWIFT_COMPILATION_MODE = wholemodule;
				SWIFT_OPTIMIZATION_LEVEL = "-O";
				VALIDATE_PRODUCT = YES;
			};
			name = Release;
		};
		79F23A2D297C94FA0065F2E0 /* Debug */ = {
			isa = XCBuildConfiguration;
			buildSettings = {
				ASSETCATALOG_COMPILER_APPICON_NAME = AppIcon;
				ASSETCATALOG_COMPILER_GLOBAL_ACCENT_COLOR_NAME = AccentColor;
				CODE_SIGN_STYLE = Automatic;
				CURRENT_PROJECT_VERSION = 1;
				DEVELOPMENT_ASSET_PATHS = "\"CryptoData/Preview Content\"";
				DEVELOPMENT_TEAM = 7476TSNDH5;
				ENABLE_PREVIEWS = YES;
				GENERATE_INFOPLIST_FILE = YES;
				INFOPLIST_KEY_CFBundleDisplayName = "Crypto Information";
				INFOPLIST_KEY_LSApplicationCategoryType = "public.app-category.finance";
				INFOPLIST_KEY_UIApplicationSceneManifest_Generation = YES;
				INFOPLIST_KEY_UIApplicationSupportsIndirectInputEvents = YES;
				INFOPLIST_KEY_UILaunchScreen_Generation = YES;
				INFOPLIST_KEY_UISupportedInterfaceOrientations = UIInterfaceOrientationPortrait;
				LD_RUNPATH_SEARCH_PATHS = (
					"$(inherited)",
					"@executable_path/Frameworks",
				);
				MARKETING_VERSION = 1.0;
				PRODUCT_BUNDLE_IDENTIFIER = "com.A-A-software.CryptoData";
				PRODUCT_NAME = "$(TARGET_NAME)";
				SWIFT_EMIT_LOC_STRINGS = YES;
				SWIFT_VERSION = 5.0;
				TARGETED_DEVICE_FAMILY = "1,2";
			};
			name = Debug;
		};
		79F23A2E297C94FA0065F2E0 /* Release */ = {
			isa = XCBuildConfiguration;
			buildSettings = {
				ASSETCATALOG_COMPILER_APPICON_NAME = AppIcon;
				ASSETCATALOG_COMPILER_GLOBAL_ACCENT_COLOR_NAME = AccentColor;
				CODE_SIGN_STYLE = Automatic;
				CURRENT_PROJECT_VERSION = 1;
				DEVELOPMENT_ASSET_PATHS = "\"CryptoData/Preview Content\"";
				DEVELOPMENT_TEAM = 7476TSNDH5;
				ENABLE_PREVIEWS = YES;
				GENERATE_INFOPLIST_FILE = YES;
				INFOPLIST_KEY_CFBundleDisplayName = "Crypto Information";
				INFOPLIST_KEY_LSApplicationCategoryType = "public.app-category.finance";
				INFOPLIST_KEY_UIApplicationSceneManifest_Generation = YES;
				INFOPLIST_KEY_UIApplicationSupportsIndirectInputEvents = YES;
				INFOPLIST_KEY_UILaunchScreen_Generation = YES;
				INFOPLIST_KEY_UISupportedInterfaceOrientations = UIInterfaceOrientationPortrait;
				LD_RUNPATH_SEARCH_PATHS = (
					"$(inherited)",
					"@executable_path/Frameworks",
				);
				MARKETING_VERSION = 1.0;
				PRODUCT_BUNDLE_IDENTIFIER = "com.A-A-software.CryptoData";
				PRODUCT_NAME = "$(TARGET_NAME)";
				SWIFT_EMIT_LOC_STRINGS = YES;
				SWIFT_VERSION = 5.0;
				TARGETED_DEVICE_FAMILY = "1,2";
			};
			name = Release;
		};
/* End XCBuildConfiguration section */

/* Begin XCConfigurationList section */
		79F23A19297C94FA0065F2E0 /* Build configuration list for PBXProject "CryptoData" */ = {
			isa = XCConfigurationList;
			buildConfigurations = (
				79F23A2A297C94FA0065F2E0 /* Debug */,
				79F23A2B297C94FA0065F2E0 /* Release */,
			);
			defaultConfigurationIsVisible = 0;
			defaultConfigurationName = Release;
		};
		79F23A2C297C94FA0065F2E0 /* Build configuration list for PBXNativeTarget "CryptoData" */ = {
			isa = XCConfigurationList;
			buildConfigurations = (
				79F23A2D297C94FA0065F2E0 /* Debug */,
				79F23A2E297C94FA0065F2E0 /* Release */,
			);
			defaultConfigurationIsVisible = 0;
			defaultConfigurationName = Release;
		};
/* End XCConfigurationList section */
	};
	rootObject = 79F23A16297C94FA0065F2E0 /* Project object */;
}
